
Microsoft Visual Studio Solution File, Format Version 12.00
# Visual Studio Version 17
VisualStudioVersion = 17.14.37531.7
MinimumVisualStudioVersion = 10.0.40219.1
Project("{FAE04EC0-301F-11D3-BF4B-00C04F79EFBC}") = "Solid.Ocp", "Solid.Ocp\Solid.Ocp.csproj", "{8CBB6D3E-1F58-4CB4-BB83-8B6BF6A23538}"
EndProject
Project("{FAE04EC0-301F-11D3-BF4B-00C04F79EFBC}") = "Solid.Ocp_CloseModification", "Solid.Ocp_CloseModification\Solid.Ocp_CloseModification.csproj", "{D4E4A6DC-A224-404C-AF11-5DCE72E6CF64}"
EndProject
Project("{FAE04EC0-301F-11D3-BF4B-00C04F79EFBC}") = "Solid.LSP", "Solid.LSP\Solid.LSP.csproj", "{B2E28086-A460-4A21-BAAE-BEAF87353E3B}"
EndProject
Project("{FAE04EC0-301F-11D3-BF4B-00C04F79EFBC}") = "Solid.ISP", "Solid.ISP\Solid.ISP.csproj", "{B49F38F0-6DDC-4009-A6E7-FAC50907B716}"
EndProject
Project("{FAE04EC0-301F-11D3-BF4B-00C04F79EFBC}") = "Solid.DIP", "Solid.DIP\Solid.DIP.csproj", "{17EC8C73-7BFD-4A83-BB81-4B561DA14DB8}"
EndProject
Global
	GlobalSection(SolutionConfigurationPlatforms) = preSolution
		Debug|Any CPU = Debug|Any CPU
		Release|Any CPU = Release|Any CPU
	EndGlobalSection
	GlobalSection(ProjectConfigurationPlatforms) = postSolution
		{8CBB6D3E-1F58-4CB4-BB83-8B6BF6A23538}.Debug|Any CPU.ActiveCfg = Debug|Any CPU
		{8CBB6D3E-1F58-4CB4-BB83-8B6BF6A23538}.Debug|Any CPU.Build.0 = Debug|Any CPU
		{8CBB6D3E-1F58-4CB4-BB83-8B6BF6A23538}.Release|Any CPU.ActiveCfg = Release|Any CPU
		{8CBB6D3E-1F58-4CB4-BB83-8B6BF6A23538}.Release|Any CPU.Build.0 = Release|Any CPU
		{D4E4A6DC-A224-404C-AF11-5DCE72E6CF64}.Debug|Any CPU.ActiveCfg = Debug|Any CPU
		{D4E4A6DC-A224-404C-AF11-5DCE72E6CF64}.Debug|Any CPU.Build.0 = Debug|Any CPU
		{D4E4A6DC-A224-404C-AF11-5DCE72E6CF64}.Release|Any CPU.ActiveCfg = Release|Any CPU
		{D4E4A6DC-A224-404C-AF11-5DCE72E6CF64}.Release|Any CPU.Build.0 = Release|Any CPU
		{B2E28086-A460-4A21-BAAE-BEAF87353E3B}.Debug|Any CPU.ActiveCfg = Debug|Any CPU
		{B2E28086-A460-4A21-BAAE-BEAF87353E3B}.Debug|Any CPU.Build.0 = Debug|Any CPU
		{B2E28086-A460-4A21-BAAE-BEAF87353E3B}.Release|Any CPU.ActiveCfg = Release|Any CPU
		{B2E28086-A460-4A21-BAAE-BEAF87353E3B}.Release|Any CPU.Build.0 = Release|Any CPU
		{B49F38F0-6DDC-4009-A6E7-FAC50907B716}.Debug|Any CPU.ActiveCfg = Debug|Any CPU
		{B49F38F0-6DDC-4009-A6E7-FAC50907B716}.Debug|Any CPU.Build.0 = Debug|Any CPU
		{B49F38F0-6DDC-4009-A6E7-FAC50907B716}.Release|Any CPU.ActiveCfg = Release|Any CPU
		{B49F38F0-6DDC-4009-A6E7-FAC50907B716}.Release|Any CPU.Build.0 = Release|Any CPU
		{17EC8C73-7BFD-4A83-BB81-4B561DA14DB8}.Debug|Any CPU.ActiveCfg = Debug|Any CPU
		{17EC8C73-7BFD-4A83-BB81-4B561DA14DB8}.Debug|Any CPU.Build.0 = Debug|Any CPU
		{17EC8C73-7BFD-4A83-BB81-4B561DA14DB8}.Release|Any CPU.ActiveCfg = Release|Any CPU
		{17EC8C73-7BFD-4A83-BB81-4B561DA14DB8}.Release|Any CPU.Build.0 = Release|Any CPU
	EndGlobalSection
	GlobalSection(SolutionProperties) = preSolution
		HideSolutionNode = FALSE
	EndGlobalSection
	GlobalSection(ExtensibilityGlobals) = postSolution
		SolutionGuid = {80185ED3-3A2F-499E-8251-EEDCBE41630B}
	EndGlobalSection
EndGlobal
